// !$*UTF8*$!
{
	archiveVersion = 1;
	classes = {
	};
	objectVersion = 46;
	objects = {

/* Begin PBXBuildFile section */
		ABA55FA21C771C0F0098B8B6 /* AppDelegate.swift in Sources */ = {isa = PBXBuildFile; fileRef = ABA55FA11C771C0F0098B8B6 /* AppDelegate.swift */; };
		ABA55FA41C771C0F0098B8B6 /* ViewController.swift in Sources */ = {isa = PBXBuildFile; fileRef = ABA55FA31C771C0F0098B8B6 /* ViewController.swift */; };
		ABA55FA71C771C0F0098B8B6 /* Main.storyboard in Resources */ = {isa = PBXBuildFile; fileRef = ABA55FA51C771C0F0098B8B6 /* Main.storyboard */; };
		ABA55FA91C771C0F0098B8B6 /* Assets.xcassets in Resources */ = {isa = PBXBuildFile; fileRef = ABA55FA81C771C0F0098B8B6 /* Assets.xcassets */; };
		ABA55FAC1C771C100098B8B6 /* LaunchScreen.storyboard in Resources */ = {isa = PBXBuildFile; fileRef = ABA55FAA1C771C0F0098B8B6 /* LaunchScreen.storyboard */; };
		ABA55FB71C771C100098B8B6 /* RPSTests.swift in Sources */ = {isa = PBXBuildFile; fileRef = ABA55FB61C771C100098B8B6 /* RPSTests.swift */; };
		ABA55FC21C771C100098B8B6 /* RPSUITests.swift in Sources */ = {isa = PBXBuildFile; fileRef = ABA55FC11C771C100098B8B6 /* RPSUITests.swift */; };
/* End PBXBuildFile section */

/* Begin PBXContainerItemProxy section */
		ABA55FB31C771C100098B8B6 /* PBXContainerItemProxy */ = {
			isa = PBXContainerItemProxy;
			containerPortal = ABA55F961C771C0F0098B8B6 /* Project object */;
			proxyType = 1;
			remoteGlobalIDString = ABA55F9D1C771C0F0098B8B6;
			remoteInfo = RPS;
		};
		ABA55FBE1C771C100098B8B6 /* PBXContainerItemProxy */ = {
			isa = PBXContainerItemProxy;
			containerPortal = ABA55F961C771C0F0098B8B6 /* Project object */;
			proxyType = 1;
			remoteGlobalIDString = ABA55F9D1C771C0F0098B8B6;
			remoteInfo = RPS;
		};
/* End PBXContainerItemProxy section */

/* Begin PBXFileReference section */
		ABA55F9E1C771C0F0098B8B6 /* RPS.app */ = {isa = PBXFileReference; explicitFileType = wrapper.application; includeInIndex = 0; path = RPS.app; sourceTree = BUILT_PRODUCTS_DIR; };
		ABA55FA11C771C0F0098B8B6 /* AppDelegate.swift */ = {isa = PBXFileReference; lastKnownFileType = sourcecode.swift; path = AppDelegate.swift; sourceTree = "<group>"; };
		ABA55FA31C771C0F0098B8B6 /* ViewController.swift */ = {isa = PBXFileReference; lastKnownFileType = sourcecode.swift; path = ViewController.swift; sourceTree = "<group>"; };
		ABA55FA61C771C0F0098B8B6 /* Base */ = {isa = PBXFileReference; lastKnownFileType = file.storyboard; name = Base; path = Base.lproj/Main.storyboard; sourceTree = "<group>"; };
		ABA55FA81C771C0F0098B8B6 /* Assets.xcassets */ = {isa = PBXFileReference; lastKnownFileType = folder.assetcatalog; path = Assets.xcassets; sourceTree = "<group>"; };
		ABA55FAB1C771C0F0098B8B6 /* Base */ = {isa = PBXFileReference; lastKnownFileType = file.storyboard; name = Base; path = Base.lproj/LaunchScreen.storyboard; sourceTree = "<group>"; };
		ABA55FAD1C771C100098B8B6 /* Info.plist */ = {isa = PBXFileReference; lastKnownFileType = text.plist.xml; path = Info.plist; sourceTree = "<group>"; };
		ABA55FB21C771C100098B8B6 /* RPSTests.xctest */ = {isa = PBXFileReference; explicitFileType = wrapper.cfbundle; includeInIndex = 0; path = RPSTests.xctest; sourceTree = BUILT_PRODUCTS_DIR; };
		ABA55FB61C771C100098B8B6 /* RPSTests.swift */ = {isa = PBXFileReference; lastKnownFileType = sourcecode.swift; path = RPSTests.swift; sourceTree = "<group>"; };
		ABA55FB81C771C100098B8B6 /* Info.plist */ = {isa = PBXFileReference; lastKnownFileType = text.plist.xml; path = Info.plist; sourceTree = "<group>"; };
		ABA55FBD1C771C100098B8B6 /* RPSUITests.xctest */ = {isa = PBXFileReference; explicitFileType = wrapper.cfbundle; includeInIndex = 0; path = RPSUITests.xctest; sourceTree = BUILT_PRODUCTS_DIR; };
		ABA55FC11C771C100098B8B6 /* RPSUITests.swift */ = {isa = PBXFileReference; lastKnownFileType = sourcecode.swift; path = RPSUITests.swift; sourceTree = "<group>"; };
		ABA55FC31C771C100098B8B6 /* Info.plist */ = {isa = PBXFileReference; lastKnownFileType = text.plist.xml; path = Info.plist; sourceTree = "<group>"; };
/* End PBXFileReference section */

/* Begin PBXFrameworksBuildPhase section */
		ABA55F9B1C771C0F0098B8B6 /* Frameworks */ = {
			isa = PBXFrameworksBuildPhase;
			buildActionMask = 2147483647;
			files = (
			);
			runOnlyForDeploymentPostprocessing = 0;
		};
		ABA55FAF1C771C100098B8B6 /* Frameworks */ = {
			isa = PBXFrameworksBuildPhase;
			buildActionMask = 2147483647;
			files = (
			);
			runOnlyForDeploymentPostprocessing = 0;
		};
		ABA55FBA1C771C100098B8B6 /* Frameworks */ = {
			isa = PBXFrameworksBuildPhase;
			buildActionMask = 2147483647;
			files = (
			);
			runOnlyForDeploymentPostprocessing = 0;
		};
/* End PBXFrameworksBuildPhase section */

/* Begin PBXGroup section */
		ABA55F951C771C0F0098B8B6 = {
			isa = PBXGroup;
			children = (
				ABA55FA01C771C0F0098B8B6 /* RPS */,
				ABA55FB51C771C100098B8B6 /* RPSTests */,
				ABA55FC01C771C100098B8B6 /* RPSUITests */,
				ABA55F9F1C771C0F0098B8B6 /* Products */,
			);
			sourceTree = "<group>";
		};
		ABA55F9F1C771C0F0098B8B6 /* Products */ = {
			isa = PBXGroup;
			children = (
				ABA55F9E1C771C0F0098B8B6 /* RPS.app */,
				ABA55FB21C771C100098B8B6 /* RPSTests.xctest */,
				ABA55FBD1C771C100098B8B6 /* RPSUITests.xctest */,
			);
			name = Products;
			sourceTree = "<group>";
		};
		ABA55FA01C771C0F0098B8B6 /* RPS */ = {
			isa = PBXGroup;
			children = (
				ABA55FA11C771C0F0098B8B6 /* AppDelegate.swift */,
				ABA55FA31C771C0F0098B8B6 /* ViewController.swift */,
				ABA55FA51C771C0F0098B8B6 /* Main.storyboard */,
				ABA55FA81C771C0F0098B8B6 /* Assets.xcassets */,
				ABA55FAA1C771C0F0098B8B6 /* LaunchScreen.storyboard */,
				ABA55FAD1C771C100098B8B6 /* Info.plist */,
			);
			path = RPS;
			sourceTree = "<group>";
		};
		ABA55FB51C771C100098B8B6 /* RPSTests */ = {
			isa = PBXGroup;
			children = (
				ABA55FB61C771C100098B8B6 /* RPSTests.swift */,
				ABA55FB81C771C100098B8B6 /* Info.plist */,
			);
			path = RPSTests;
			sourceTree = "<group>";
		};
		ABA55FC01C771C100098B8B6 /* RPSUITests */ = {
			isa = PBXGroup;
			children = (
				ABA55FC11C771C100098B8B6 /* RPSUITests.swift */,
				ABA55FC31C771C100098B8B6 /* Info.plist */,
			);
			path = RPSUITests;
			sourceTree = "<group>";
		};
/* End PBXGroup section */

/* Begin PBXNativeTarget section */
		ABA55F9D1C771C0F0098B8B6 /* RPS */ = {
			isa = PBXNativeTarget;
			buildConfigurationList = ABA55FC61C771C100098B8B6 /* Build configuration list for PBXNativeTarget "RPS" */;
			buildPhases = (
				ABA55F9A1C771C0F0098B8B6 /* Sources */,
				ABA55F9B1C771C0F0098B8B6 /* Frameworks */,
				ABA55F9C1C771C0F0098B8B6 /* Resources */,
			);
			buildRules = (
			);
			dependencies = (
			);
			name = RPS;
			productName = RPS;
			productReference = ABA55F9E1C771C0F0098B8B6 /* RPS.app */;
			productType = "com.apple.product-type.application";
		};
		ABA55FB11C771C100098B8B6 /* RPSTests */ = {
			isa = PBXNativeTarget;
			buildConfigurationList = ABA55FC91C771C100098B8B6 /* Build configuration list for PBXNativeTarget "RPSTests" */;
			buildPhases = (
				ABA55FAE1C771C100098B8B6 /* Sources */,
				ABA55FAF1C771C100098B8B6 /* Frameworks */,
				ABA55FB01C771C100098B8B6 /* Resources */,
			);
			buildRules = (
			);
			dependencies = (
				ABA55FB41C771C100098B8B6 /* PBXTargetDependency */,
			);
			name = RPSTests;
			productName = RPSTests;
			productReference = ABA55FB21C771C100098B8B6 /* RPSTests.xctest */;
			productType = "com.apple.product-type.bundle.unit-test";
		};
		ABA55FBC1C771C100098B8B6 /* RPSUITests */ = {
			isa = PBXNativeTarget;
			buildConfigurationList = ABA55FCC1C771C100098B8B6 /* Build configuration list for PBXNativeTarget "RPSUITests" */;
			buildPhases = (
				ABA55FB91C771C100098B8B6 /* Sources */,
				ABA55FBA1C771C100098B8B6 /* Frameworks */,
				ABA55FBB1C771C100098B8B6 /* Resources */,
			);
			buildRules = (
			);
			dependencies = (
				ABA55FBF1C771C100098B8B6 /* PBXTargetDependency */,
			);
			name = RPSUITests;
			productName = RPSUITests;
			productReference = ABA55FBD1C771C100098B8B6 /* RPSUITests.xctest */;
			productType = "com.apple.product-type.bundle.ui-testing";
		};
/* End PBXNativeTarget section */

/* Begin PBXProject section */
		ABA55F961C771C0F0098B8B6 /* Project object */ = {
			isa = PBXProject;
			attributes = {
				LastSwiftUpdateCheck = 0720;
				LastUpgradeCheck = 0720;
				ORGANIZATIONNAME = "Michael LeKander";
				TargetAttributes = {
					ABA55F9D1C771C0F0098B8B6 = {
						CreatedOnToolsVersion = 7.2;
					};
					ABA55FB11C771C100098B8B6 = {
						CreatedOnToolsVersion = 7.2;
						TestTargetID = ABA55F9D1C771C0F0098B8B6;
					};
					ABA55FBC1C771C100098B8B6 = {
						CreatedOnToolsVersion = 7.2;
						TestTargetID = ABA55F9D1C771C0F0098B8B6;
					};
				};
			};
			buildConfigurationList = ABA55F991C771C0F0098B8B6 /* Build configuration list for PBXProject "RPS" */;
			compatibilityVersion = "Xcode 3.2";
			developmentRegion = English;
			hasScannedForEncodings = 0;
			knownRegions = (
				en,
				Base,
			);
			mainGroup = ABA55F951C771C0F0098B8B6;
			productRefGroup = ABA55F9F1C771C0F0098B8B6 /* Products */;
			projectDirPath = "";
			projectRoot = "";
			targets = (
				ABA55F9D1C771C0F0098B8B6 /* RPS */,
				ABA55FB11C771C100098B8B6 /* RPSTests */,
				ABA55FBC1C771C100098B8B6 /* RPSUITests */,
			);
		};
/* End PBXProject section */

/* Begin PBXResourcesBuildPhase section */
		ABA55F9C1C771C0F0098B8B6 /* Resources */ = {
			isa = PBXResourcesBuildPhase;
			buildActionMask = 2147483647;
			files = (
				ABA55FAC1C771C100098B8B6 /* LaunchScreen.storyboard in Resources */,
				ABA55FA91C771C0F0098B8B6 /* Assets.xcassets in Resources */,
				ABA55FA71C771C0F0098B8B6 /* Main.storyboard in Resources */,
			);
			runOnlyForDeploymentPostprocessing = 0;
		};
		ABA55FB01C771C100098B8B6 /* Resources */ = {
			isa = PBXResourcesBuildPhase;
			buildActionMask = 2147483647;
			files = (
			);
			runOnlyForDeploymentPostprocessing = 0;
		};
		ABA55FBB1C771C100098B8B6 /* Resources */ = {
			isa = PBXResourcesBuildPhase;
			buildActionMask = 2147483647;
			files = (
			);
			runOnlyForDeploymentPostprocessing = 0;
		};
/* End PBXResourcesBuildPhase section */

/* Begin PBXSourcesBuildPhase section */
		ABA55F9A1C771C0F0098B8B6 /* Sources */ = {
			isa = PBXSourcesBuildPhase;
			buildActionMask = 2147483647;
			files = (
				ABA55FA41C771C0F0098B8B6 /* ViewController.swift in Sources */,
				ABA55FA21C771C0F0098B8B6 /* AppDelegate.swift in Sources */,
			);
			runOnlyForDeploymentPostprocessing = 0;
		};
		ABA55FAE1C771C100098B8B6 /* Sources */ = {
			isa = PBXSourcesBuildPhase;
			buildActionMask = 2147483647;
			files = (
				ABA55FB71C771C100098B8B6 /* RPSTests.swift in Sources */,
			);
			runOnlyForDeploymentPostprocessing = 0;
		};
		ABA55FB91C771C100098B8B6 /* Sources */ = {
			isa = PBXSourcesBuildPhase;
			buildActionMask = 2147483647;
			files = (
				ABA55FC21C771C100098B8B6 /* RPSUITests.swift in Sources */,
			);
			runOnlyForDeploymentPostprocessing = 0;
		};
/* End PBXSourcesBuildPhase section */

/* Begin PBXTargetDependency section */
		ABA55FB41C771C100098B8B6 /* PBXTargetDependency */ = {
			isa = PBXTargetDependency;
			target = ABA55F9D1C771C0F0098B8B6 /* RPS */;
			targetProxy = ABA55FB31C771C100098B8B6 /* PBXContainerItemProxy */;
		};
		ABA55FBF1C771C100098B8B6 /* PBXTargetDependency */ = {
			isa = PBXTargetDependency;
			target = ABA55F9D1C771C0F0098B8B6 /* RPS */;
			targetProxy = ABA55FBE1C771C100098B8B6 /* PBXContainerItemProxy */;
		};
/* End PBXTargetDependency section */

/* Begin PBXVariantGroup section */
		ABA55FA51C771C0F0098B8B6 /* Main.storyboard */ = {
			isa = PBXVariantGroup;
			children = (
				ABA55FA61C771C0F0098B8B6 /* Base */,
			);
			name = Main.storyboard;
			sourceTree = "<group>";
		};
		ABA55FAA1C771C0F0098B8B6 /* LaunchScreen.storyboard */ = {
			isa = PBXVariantGroup;
			children = (
				ABA55FAB1C771C0F0098B8B6 /* Base */,
			);
			name = LaunchScreen.storyboard;
			sourceTree = "<group>";
		};
/* End PBXVariantGroup section */

/* Begin XCBuildConfiguration section */
		ABA55FC41C771C100098B8B6 /* Debug */ = {
			isa = XCBuildConfiguration;
			buildSettings = {
				ALWAYS_SEARCH_USER_PATHS = NO;
				CLANG_CXX_LANGUAGE_STANDARD = "gnu++0x";
				CLANG_CXX_LIBRARY = "libc++";
				CLANG_ENABLE_MODULES = YES;
				CLANG_ENABLE_OBJC_ARC = YES;
				CLANG_WARN_BOOL_CONVERSION = YES;
				CLANG_WARN_CONSTANT_CONVERSION = YES;
				CLANG_WARN_DIRECT_OBJC_ISA_USAGE = YES_ERROR;
				CLANG_WARN_EMPTY_BODY = YES;
				CLANG_WARN_ENUM_CONVERSION = YES;
				CLANG_WARN_INT_CONVERSION = YES;
				CLANG_WARN_OBJC_ROOT_CLASS = YES_ERROR;
				CLANG_WARN_UNREACHABLE_CODE = YES;
				CLANG_WARN__DUPLICATE_METHOD_MATCH = YES;
				"CODE_SIGN_IDENTITY[sdk=iphoneos*]" = "iPhone Developer";
				COPY_PHASE_STRIP = NO;
				DEBUG_INFORMATION_FORMAT = dwarf;
				ENABLE_STRICT_OBJC_MSGSEND = YES;
				ENABLE_TESTABILITY = YES;
				GCC_C_LANGUAGE_STANDARD = gnu99;
				GCC_DYNAMIC_NO_PIC = NO;
				GCC_NO_COMMON_BLOCKS = YES;
				GCC_OPTIMIZATION_LEVEL = 0;
				GCC_PREPROCESSOR_DEFINITIONS = (
					"DEBUG=1",
					"$(inherited)",
				);
				GCC_WARN_64_TO_32_BIT_CONVERSION = YES;
				GCC_WARN_ABOUT_RETURN_TYPE = YES_ERROR;
				GCC_WARN_UNDECLARED_SELECTOR = YES;
				GCC_WARN_UNINITIALIZED_AUTOS = YES_AGGRESSIVE;
				GCC_WARN_UNUSED_FUNCTION = YES;
				GCC_WARN_UNUSED_VARIABLE = YES;
				IPHONEOS_DEPLOYMENT_TARGET = 9.2;
				MTL_ENABLE_DEBUG_INFO = YES;
				ONLY_ACTIVE_ARCH = YES;
				SDKROOT = iphoneos;
				SWIFT_OPTIMIZATION_LEVEL = "-Onone";
				TARGETED_DEVICE_FAMILY = "1,2";
			};
			name = Debug;
		};
		ABA55FC51C771C100098B8B6 /* Release */ = {
			isa = XCBuildConfiguration;
			buildSettings = {
				ALWAYS_SEARCH_USER_PATHS = NO;
				CLANG_CXX_LANGUAGE_STANDARD = "gnu++0x";
				CLANG_CXX_LIBRARY = "libc++";
				CLANG_ENABLE_MODULES = YES;
				CLANG_ENABLE_OBJC_ARC = YES;
				CLANG_WARN_BOOL_CONVERSION = YES;
				CLANG_WARN_CONSTANT_CONVERSION = YES;
				CLANG_WARN_DIRECT_OBJC_ISA_USAGE = YES_ERROR;
				CLANG_WARN_EMPTY_BODY = YES;
				CLANG_WARN_ENUM_CONVERSION = YES;
				CLANG_WARN_INT_CONVERSION = YES;
				CLANG_WARN_OBJC_ROOT_CLASS = YES_ERROR;
				CLANG_WARN_UNREACHABLE_CODE = YES;
				CLANG_WARN__DUPLICATE_METHOD_MATCH = YES;
				"CODE_SIGN_IDENTITY[sdk=iphoneos*]" = "iPhone Developer";
				COPY_PHASE_STRIP = NO;
				DEBUG_INFORMATION_FORMAT = "dwarf-with-dsym";
				ENABLE_NS_ASSERTIONS = NO;
				ENABLE_STRICT_OBJC_MSGSEND = YES;
				GCC_C_LANGUAGE_STANDARD = gnu99;
				GCC_NO_COMMON_BLOCKS = YES;
				GCC_WARN_64_TO_32_BIT_CONVERSION = YES;
				GCC_WARN_ABOUT_RETURN_TYPE = YES_ERROR;
				GCC_WARN_UNDECLARED_SELECTOR = YES;
				GCC_WARN_UNINITIALIZED_AUTOS = YES_AGGRESSIVE;
				GCC_WARN_UNUSED_FUNCTION = YES;
				GCC_WARN_UNUSED_VARIABLE = YES;
				IPHONEOS_DEPLOYMENT_TARGET = 9.2;
				MTL_ENABLE_DEBUG_INFO = NO;
				SDKROOT = iphoneos;
				TARGETED_DEVICE_FAMILY = "1,2";
				VALIDATE_PRODUCT = YES;
			};
			name = Release;
		};
		ABA55FC71C771C100098B8B6 /* Debug */ = {
			isa = XCBuildConfiguration;
			buildSettings = {
				ASSETCATALOG_COMPILER_APPICON_NAME = AppIcon;
				INFOPLIST_FILE = RPS/Info.plist;
				LD_RUNPATH_SEARCH_PATHS = "$(inherited) @executable_path/Frameworks";
				PRODUCT_BUNDLE_IDENTIFIER = nl.rug.s2645432.RPS;
				PRODUCT_NAME = "$(TARGET_NAME)";
			};
			name = Debug;
		};
		ABA55FC81C771C100098B8B6 /* Release */ = {
			isa = XCBuildConfiguration;
			buildSettings = {
				ASSETCATALOG_COMPILER_APPICON_NAME = AppIcon;
				INFOPLIST_FILE = RPS/Info.plist;
				LD_RUNPATH_SEARCH_PATHS = "$(inherited) @executable_path/Frameworks";
				PRODUCT_BUNDLE_IDENTIFIER = nl.rug.s2645432.RPS;
				PRODUCT_NAME = "$(TARGET_NAME)";
			};
			name = Release;
		};
		ABA55FCA1C771C100098B8B6 /* Debug */ = {
			isa = XCBuildConfiguration;
			buildSettings = {
				BUNDLE_LOADER = "$(TEST_HOST)";
				INFOPLIST_FILE = RPSTests/Info.plist;
				LD_RUNPATH_SEARCH_PATHS = "$(inherited) @executable_path/Frameworks @loader_path/Frameworks";
				PRODUCT_BUNDLE_IDENTIFIER = nl.rug.s2645432.RPSTests;
				PRODUCT_NAME = "$(TARGET_NAME)";
				TEST_HOST = "$(BUILT_PRODUCTS_DIR)/RPS.app/RPS";
			};
			name = Debug;
		};
		ABA55FCB1C771C100098B8B6 /* Release */ = {
			isa = XCBuildConfiguration;
			buildSettings = {
				BUNDLE_LOADER = "$(TEST_HOST)";
				INFOPLIST_FILE = RPSTests/Info.plist;
				LD_RUNPATH_SEARCH_PATHS = "$(inherited) @executable_path/Frameworks @loader_path/Frameworks";
				PRODUCT_BUNDLE_IDENTIFIER = nl.rug.s2645432.RPSTests;
				PRODUCT_NAME = "$(TARGET_NAME)";
				TEST_HOST = "$(BUILT_PRODUCTS_DIR)/RPS.app/RPS";
			};
			name = Release;
		};
		ABA55FCD1C771C100098B8B6 /* Debug */ = {
			isa = XCBuildConfiguration;
			buildSettings = {
				INFOPLIST_FILE = RPSUITests/Info.plist;
				LD_RUNPATH_SEARCH_PATHS = "$(inherited) @executable_path/Frameworks @loader_path/Frameworks";
				PRODUCT_BUNDLE_IDENTIFIER = nl.rug.s2645432.RPSUITests;
				PRODUCT_NAME = "$(TARGET_NAME)";
				TEST_TARGET_NAME = RPS;
				USES_XCTRUNNER = YES;
			};
			name = Debug;
		};
		ABA55FCE1C771C100098B8B6 /* Release */ = {
			isa = XCBuildConfiguration;
			buildSettings = {
				INFOPLIST_FILE = RPSUITests/Info.plist;
				LD_RUNPATH_SEARCH_PATHS = "$(inherited) @executable_path/Frameworks @loader_path/Frameworks";
				PRODUCT_BUNDLE_IDENTIFIER = nl.rug.s2645432.RPSUITests;
				PRODUCT_NAME = "$(TARGET_NAME)";
				TEST_TARGET_NAME = RPS;
				USES_XCTRUNNER = YES;
			};
			name = Release;
		};
/* End XCBuildConfiguration section */

/* Begin XCConfigurationList section */
		ABA55F991C771C0F0098B8B6 /* Build configuration list for PBXProject "RPS" */ = {
			isa = XCConfigurationList;
			buildConfigurations = (
				ABA55FC41C771C100098B8B6 /* Debug */,
				ABA55FC51C771C100098B8B6 /* Release */,
			);
			defaultConfigurationIsVisible = 0;
			defaultConfigurationName = Release;
		};
		ABA55FC61C771C100098B8B6 /* Build configuration list for PBXNativeTarget "RPS" */ = {
			isa = XCConfigurationList;
			buildConfigurations = (
				ABA55FC71C771C100098B8B6 /* Debug */,
				ABA55FC81C771C100098B8B6 /* Release */,
			);
			defaultConfigurationIsVisible = 0;
		};
		ABA55FC91C771C100098B8B6 /* Build configuration list for PBXNativeTarget "RPSTests" */ = {
			isa = XCConfigurationList;
			buildConfigurations = (
				ABA55FCA1C771C100098B8B6 /* Debug */,
				ABA55FCB1C771C100098B8B6 /* Release */,
			);
			defaultConfigurationIsVisible = 0;
		};
		ABA55FCC1C771C100098B8B6 /* Build configuration list for PBXNativeTarget "RPSUITests" */ = {
			isa = XCConfigurationList;
			buildConfigurations = (
				ABA55FCD1C771C100098B8B6 /* Debug */,
				ABA55FCE1C771C100098B8B6 /* Release */,
			);
			defaultConfigurationIsVisible = 0;
		};
/* End XCConfigurationList section */
	};
	rootObject = ABA55F961C771C0F0098B8B6 /* Project object */;
}
